// !$*UTF8*$!
{
	archiveVersion = 1;
	classes = {
	};
	objectVersion = 56;
	objects = {

/* Begin PBXBuildFile section */
		E2E728CC2972AF5000DC04F4 /* AppDelegate.swift in Sources */ = {isa = PBXBuildFile; fileRef = E2E728CB2972AF5000DC04F4 /* AppDelegate.swift */; };
		E2E728CE2972AF5000DC04F4 /* SceneDelegate.swift in Sources */ = {isa = PBXBuildFile; fileRef = E2E728CD2972AF5000DC04F4 /* SceneDelegate.swift */; };
		E2E728D32972AF5000DC04F4 /* Main.storyboard in Resources */ = {isa = PBXBuildFile; fileRef = E2E728D12972AF5000DC04F4 /* Main.storyboard */; };
		E2E728D52972AF5200DC04F4 /* Assets.xcassets in Resources */ = {isa = PBXBuildFile; fileRef = E2E728D42972AF5200DC04F4 /* Assets.xcassets */; };
		E2E728D82972AF5200DC04F4 /* LaunchScreen.storyboard in Resources */ = {isa = PBXBuildFile; fileRef = E2E728D62972AF5200DC04F4 /* LaunchScreen.storyboard */; };
		E2E728E02972B22900DC04F4 /* PersonsListTableViewController.swift in Sources */ = {isa = PBXBuildFile; fileRef = E2E728DF2972B22900DC04F4 /* PersonsListTableViewController.swift */; };
		E2FF1E66297D1408004FA4C4 /* PersonDetailsViewController.swift in Sources */ = {isa = PBXBuildFile; fileRef = E2FF1E65297D1408004FA4C4 /* PersonDetailsViewController.swift */; };
		E2FF1E68297D1451004FA4C4 /* Person.swift in Sources */ = {isa = PBXBuildFile; fileRef = E2FF1E67297D1451004FA4C4 /* Person.swift */; };
		E2FF1E6C297D16E2004FA4C4 /* DataManager.swift in Sources */ = {isa = PBXBuildFile; fileRef = E2FF1E6B297D16E2004FA4C4 /* DataManager.swift */; };
		E2FF1E6E297D2092004FA4C4 /* TabBarViewController.swift in Sources */ = {isa = PBXBuildFile; fileRef = E2FF1E6D297D2092004FA4C4 /* TabBarViewController.swift */; };
		E2FF1E70297D21C1004FA4C4 /* SectionTableViewController.swift in Sources */ = {isa = PBXBuildFile; fileRef = E2FF1E6F297D21C1004FA4C4 /* SectionTableViewController.swift */; };
/* End PBXBuildFile section */

/* Begin PBXFileReference section */
		E2E728C82972AF5000DC04F4 /* PersonsList.app */ = {isa = PBXFileReference; explicitFileType = wrapper.application; includeInIndex = 0; path = PersonsList.app; sourceTree = BUILT_PRODUCTS_DIR; };
		E2E728CB2972AF5000DC04F4 /* AppDelegate.swift */ = {isa = PBXFileReference; lastKnownFileType = sourcecode.swift; path = AppDelegate.swift; sourceTree = "<group>"; };
		E2E728CD2972AF5000DC04F4 /* SceneDelegate.swift */ = {isa = PBXFileReference; lastKnownFileType = sourcecode.swift; path = SceneDelegate.swift; sourceTree = "<group>"; };
		E2E728D22972AF5000DC04F4 /* Base */ = {isa = PBXFileReference; lastKnownFileType = file.storyboard; name = Base; path = Base.lproj/Main.storyboard; sourceTree = "<group>"; };
		E2E728D42972AF5200DC04F4 /* Assets.xcassets */ = {isa = PBXFileReference; lastKnownFileType = folder.assetcatalog; path = Assets.xcassets; sourceTree = "<group>"; };
		E2E728D72972AF5200DC04F4 /* Base */ = {isa = PBXFileReference; lastKnownFileType = file.storyboard; name = Base; path = Base.lproj/LaunchScreen.storyboard; sourceTree = "<group>"; };
		E2E728D92972AF5200DC04F4 /* Info.plist */ = {isa = PBXFileReference; lastKnownFileType = text.plist.xml; path = Info.plist; sourceTree = "<group>"; };
		E2E728DF2972B22900DC04F4 /* PersonsListTableViewController.swift */ = {isa = PBXFileReference; lastKnownFileType = sourcecode.swift; path = PersonsListTableViewController.swift; sourceTree = "<group>"; };
		E2FF1E65297D1408004FA4C4 /* PersonDetailsViewController.swift */ = {isa = PBXFileReference; lastKnownFileType = sourcecode.swift; path = PersonDetailsViewController.swift; sourceTree = "<group>"; };
		E2FF1E67297D1451004FA4C4 /* Person.swift */ = {isa = PBXFileReference; lastKnownFileType = sourcecode.swift; path = Person.swift; sourceTree = "<group>"; };
		E2FF1E6B297D16E2004FA4C4 /* DataManager.swift */ = {isa = PBXFileReference; lastKnownFileType = sourcecode.swift; path = DataManager.swift; sourceTree = "<group>"; };
		E2FF1E6D297D2092004FA4C4 /* TabBarViewController.swift */ = {isa = PBXFileReference; lastKnownFileType = sourcecode.swift; path = TabBarViewController.swift; sourceTree = "<group>"; };
		E2FF1E6F297D21C1004FA4C4 /* SectionTableViewController.swift */ = {isa = PBXFileReference; lastKnownFileType = sourcecode.swift; path = SectionTableViewController.swift; sourceTree = "<group>"; };
/* End PBXFileReference section */

/* Begin PBXFrameworksBuildPhase section */
		E2E728C52972AF5000DC04F4 /* Frameworks */ = {
			isa = PBXFrameworksBuildPhase;
			buildActionMask = 2147483647;
			files = (
			);
			runOnlyForDeploymentPostprocessing = 0;
		};
/* End PBXFrameworksBuildPhase section */

/* Begin PBXGroup section */
		E2E728BF2972AF5000DC04F4 = {
			isa = PBXGroup;
			children = (
				E2E728CA2972AF5000DC04F4 /* PersonsList */,
				E2E728C92972AF5000DC04F4 /* Products */,
			);
			sourceTree = "<group>";
		};
		E2E728C92972AF5000DC04F4 /* Products */ = {
			isa = PBXGroup;
			children = (
				E2E728C82972AF5000DC04F4 /* PersonsList.app */,
			);
			name = Products;
			sourceTree = "<group>";
		};
		E2E728CA2972AF5000DC04F4 /* PersonsList */ = {
			isa = PBXGroup;
			children = (
				E2FF1E65297D1408004FA4C4 /* PersonDetailsViewController.swift */,
				E2E728CB2972AF5000DC04F4 /* AppDelegate.swift */,
				E2E728CD2972AF5000DC04F4 /* SceneDelegate.swift */,
				E2E728D12972AF5000DC04F4 /* Main.storyboard */,
				E2FF1E6F297D21C1004FA4C4 /* SectionTableViewController.swift */,
				E2FF1E6D297D2092004FA4C4 /* TabBarViewController.swift */,
				E2E728DF2972B22900DC04F4 /* PersonsListTableViewController.swift */,
				E2E728D42972AF5200DC04F4 /* Assets.xcassets */,
				E2E728D62972AF5200DC04F4 /* LaunchScreen.storyboard */,
				E2E728D92972AF5200DC04F4 /* Info.plist */,
				E2FF1E67297D1451004FA4C4 /* Person.swift */,
				E2FF1E6B297D16E2004FA4C4 /* DataManager.swift */,
			);
			path = PersonsList;
			sourceTree = "<group>";
		};
/* End PBXGroup section */

/* Begin PBXNativeTarget section */
		E2E728C72972AF5000DC04F4 /* PersonsList */ = {
			isa = PBXNativeTarget;
			buildConfigurationList = E2E728DC2972AF5200DC04F4 /* Build configuration list for PBXNativeTarget "PersonsList" */;
			buildPhases = (
				E2E728C42972AF5000DC04F4 /* Sources */,
				E2E728C52972AF5000DC04F4 /* Frameworks */,
				E2E728C62972AF5000DC04F4 /* Resources */,
			);
			buildRules = (
			);
			dependencies = (
			);
			name = PersonsList;
			productName = PersonsList;
			productReference = E2E728C82972AF5000DC04F4 /* PersonsList.app */;
			productType = "com.apple.product-type.application";
		};
/* End PBXNativeTarget section */

/* Begin PBXProject section */
		E2E728C02972AF5000DC04F4 /* Project object */ = {
			isa = PBXProject;
			attributes = {
				BuildIndependentTargetsInParallel = 1;
				LastSwiftUpdateCheck = 1420;
				LastUpgradeCheck = 1420;
				TargetAttributes = {
					E2E728C72972AF5000DC04F4 = {
						CreatedOnToolsVersion = 14.2;
					};
				};
			};
			buildConfigurationList = E2E728C32972AF5000DC04F4 /* Build configuration list for PBXProject "PersonsList" */;
			compatibilityVersion = "Xcode 14.0";
			developmentRegion = en;
			hasScannedForEncodings = 0;
			knownRegions = (
				en,
				Base,
			);
			mainGroup = E2E728BF2972AF5000DC04F4;
			productRefGroup = E2E728C92972AF5000DC04F4 /* Products */;
			projectDirPath = "";
			projectRoot = "";
			targets = (
				E2E728C72972AF5000DC04F4 /* PersonsList */,
			);
		};
/* End PBXProject section */

/* Begin PBXResourcesBuildPhase section */
		E2E728C62972AF5000DC04F4 /* Resources */ = {
			isa = PBXResourcesBuildPhase;
			buildActionMask = 2147483647;
			files = (
				E2E728D82972AF5200DC04F4 /* LaunchScreen.storyboard in Resources */,
				E2E728D52972AF5200DC04F4 /* Assets.xcassets in Resources */,
				E2E728D32972AF5000DC04F4 /* Main.storyboard in Resources */,
			);
			runOnlyForDeploymentPostprocessing = 0;
		};
/* End PBXResourcesBuildPhase section */

/* Begin PBXSourcesBuildPhase section */
		E2E728C42972AF5000DC04F4 /* Sources */ = {
			isa = PBXSourcesBuildPhase;
			buildActionMask = 2147483647;
			files = (
				E2FF1E68297D1451004FA4C4 /* Person.swift in Sources */,
				E2FF1E6C297D16E2004FA4C4 /* DataManager.swift in Sources */,
				E2FF1E66297D1408004FA4C4 /* PersonDetailsViewController.swift in Sources */,
				E2E728CC2972AF5000DC04F4 /* AppDelegate.swift in Sources */,
				E2FF1E6E297D2092004FA4C4 /* TabBarViewController.swift in Sources */,
				E2E728E02972B22900DC04F4 /* PersonsListTableViewController.swift in Sources */,
				E2FF1E70297D21C1004FA4C4 /* SectionTableViewController.swift in Sources */,
				E2E728CE2972AF5000DC04F4 /* SceneDelegate.swift in Sources */,
			);
			runOnlyForDeploymentPostprocessing = 0;
		};
/* End PBXSourcesBuildPhase section */

/* Begin PBXVariantGroup section */
		E2E728D12972AF5000DC04F4 /* Main.storyboard */ = {
			isa = PBXVariantGroup;
			children = (
				E2E728D22972AF5000DC04F4 /* Base */,
			);
			name = Main.storyboard;
			sourceTree = "<group>";
		};
		E2E728D62972AF5200DC04F4 /* LaunchScreen.storyboard */ = {
			isa = PBXVariantGroup;
			children = (
				E2E728D72972AF5200DC04F4 /* Base */,
			);
			name = LaunchScreen.storyboard;
			sourceTree = "<group>";
		};
/* End PBXVariantGroup section */

/* Begin XCBuildConfiguration section */
		E2E728DA2972AF5200DC04F4 /* Debug */ = {
			isa = XCBuildConfiguration;
			buildSettings = {
				ALWAYS_SEARCH_USER_PATHS = NO;
				CLANG_ANALYZER_NONNULL = YES;
				CLANG_ANALYZER_NUMBER_OBJECT_CONVERSION = YES_AGGRESSIVE;
				CLANG_CXX_LANGUAGE_STANDARD = "gnu++20";
				CLANG_ENABLE_MODULES = YES;
				CLANG_ENABLE_OBJC_ARC = YES;
				CLANG_ENABLE_OBJC_WEAK = YES;
				CLANG_WARN_BLOCK_CAPTURE_AUTORELEASING = YES;
				CLANG_WARN_BOOL_CONVERSION = YES;
				CLANG_WARN_COMMA = YES;
				CLANG_WARN_CONSTANT_CONVERSION = YES;
				CLANG_WARN_DEPRECATED_OBJC_IMPLEMENTATIONS = YES;
				CLANG_WARN_DIRECT_OBJC_ISA_USAGE = YES_ERROR;
				CLANG_WARN_DOCUMENTATION_COMMENTS = YES;
				CLANG_WARN_EMPTY_BODY = YES;
				CLANG_WARN_ENUM_CONVERSION = YES;
				CLANG_WARN_INFINITE_RECURSION = YES;
				CLANG_WARN_INT_CONVERSION = YES;
				CLANG_WARN_NON_LITERAL_NULL_CONVERSION = YES;
				CLANG_WARN_OBJC_IMPLICIT_RETAIN_SELF = YES;
				CLANG_WARN_OBJC_LITERAL_CONVERSION = YES;
				CLANG_WARN_OBJC_ROOT_CLASS = YES_ERROR;
				CLANG_WARN_QUOTED_INCLUDE_IN_FRAMEWORK_HEADER = YES;
				CLANG_WARN_RANGE_LOOP_ANALYSIS = YES;
				CLANG_WARN_STRICT_PROTOTYPES = YES;
				CLANG_WARN_SUSPICIOUS_MOVE = YES;
				CLANG_WARN_UNGUARDED_AVAILABILITY = YES_AGGRESSIVE;
				CLANG_WARN_UNREACHABLE_CODE = YES;
				CLANG_WARN__DUPLICATE_METHOD_MATCH = YES;
				COPY_PHASE_STRIP = NO;
				DEBUG_INFORMATION_FORMAT = dwarf;
				ENABLE_STRICT_OBJC_MSGSEND = YES;
				ENABLE_TESTABILITY = YES;
				GCC_C_LANGUAGE_STANDARD = gnu11;
				GCC_DYNAMIC_NO_PIC = NO;
				GCC_NO_COMMON_BLOCKS = YES;
				GCC_OPTIMIZATION_LEVEL = 0;
				GCC_PREPROCESSOR_DEFINITIONS = (
					"DEBUG=1",
					"$(inherited)",
				);
				GCC_WARN_64_TO_32_BIT_CONVERSION = YES;
				GCC_WARN_ABOUT_RETURN_TYPE = YES_ERROR;
				GCC_WARN_UNDECLARED_SELECTOR = YES;
				GCC_WARN_UNINITIALIZED_AUTOS = YES_AGGRESSIVE;
				GCC_WARN_UNUSED_FUNCTION = YES;
				GCC_WARN_UNUSED_VARIABLE = YES;
				IPHONEOS_DEPLOYMENT_TARGET = 16.2;
				MTL_ENABLE_DEBUG_INFO = INCLUDE_SOURCE;
				MTL_FAST_MATH = YES;
				ONLY_ACTIVE_ARCH = YES;
				SDKROOT = iphoneos;
				SWIFT_ACTIVE_COMPILATION_CONDITIONS = DEBUG;
				SWIFT_OPTIMIZATION_LEVEL = "-Onone";
			};
			name = Debug;
		};
		E2E728DB2972AF5200DC04F4 /* Release */ = {
			isa = XCBuildConfiguration;
			buildSettings = {
				ALWAYS_SEARCH_USER_PATHS = NO;
				CLANG_ANALYZER_NONNULL = YES;
				CLANG_ANALYZER_NUMBER_OBJECT_CONVERSION = YES_AGGRESSIVE;
				CLANG_CXX_LANGUAGE_STANDARD = "gnu++20";
				CLANG_ENABLE_MODULES = YES;
				CLANG_ENABLE_OBJC_ARC = YES;
				CLANG_ENABLE_OBJC_WEAK = YES;
				CLANG_WARN_BLOCK_CAPTURE_AUTORELEASING = YES;
				CLANG_WARN_BOOL_CONVERSION = YES;
				CLANG_WARN_COMMA = YES;
				CLANG_WARN_CONSTANT_CONVERSION = YES;
				CLANG_WARN_DEPRECATED_OBJC_IMPLEMENTATIONS = YES;
				CLANG_WARN_DIRECT_OBJC_ISA_USAGE = YES_ERROR;
				CLANG_WARN_DOCUMENTATION_COMMENTS = YES;
				CLANG_WARN_EMPTY_BODY = YES;
				CLANG_WARN_ENUM_CONVERSION = YES;
				CLANG_WARN_INFINITE_RECURSION = YES;
				CLANG_WARN_INT_CONVERSION = YES;
				CLANG_WARN_NON_LITERAL_NULL_CONVERSION = YES;
				CLANG_WARN_OBJC_IMPLICIT_RETAIN_SELF = YES;
				CLANG_WARN_OBJC_LITERAL_CONVERSION = YES;
				CLANG_WARN_OBJC_ROOT_CLASS = YES_ERROR;
				CLANG_WARN_QUOTED_INCLUDE_IN_FRAMEWORK_HEADER = YES;
				CLANG_WARN_RANGE_LOOP_ANALYSIS = YES;
				CLANG_WARN_STRICT_PROTOTYPES = YES;
				CLANG_WARN_SUSPICIOUS_MOVE = YES;
				CLANG_WARN_UNGUARDED_AVAILABILITY = YES_AGGRESSIVE;
				CLANG_WARN_UNREACHABLE_CODE = YES;
				CLANG_WARN__DUPLICATE_METHOD_MATCH = YES;
				COPY_PHASE_STRIP = NO;
				DEBUG_INFORMATION_FORMAT = "dwarf-with-dsym";
				ENABLE_NS_ASSERTIONS = NO;
				ENABLE_STRICT_OBJC_MSGSEND = YES;
				GCC_C_LANGUAGE_STANDARD = gnu11;
				GCC_NO_COMMON_BLOCKS = YES;
				GCC_WARN_64_TO_32_BIT_CONVERSION = YES;
				GCC_WARN_ABOUT_RETURN_TYPE = YES_ERROR;
				GCC_WARN_UNDECLARED_SELECTOR = YES;
				GCC_WARN_UNINITIALIZED_AUTOS = YES_AGGRESSIVE;
				GCC_WARN_UNUSED_FUNCTION = YES;
				GCC_WARN_UNUSED_VARIABLE = YES;
				IPHONEOS_DEPLOYMENT_TARGET = 16.2;
				MTL_ENABLE_DEBUG_INFO = NO;
				MTL_FAST_MATH = YES;
				SDKROOT = iphoneos;
				SWIFT_COMPILATION_MODE = wholemodule;
				SWIFT_OPTIMIZATION_LEVEL = "-O";
				VALIDATE_PRODUCT = YES;
			};
			name = Release;
		};
		E2E728DD2972AF5200DC04F4 /* Debug */ = {
			isa = XCBuildConfiguration;
			buildSettings = {
				ASSETCATALOG_COMPILER_APPICON_NAME = AppIcon;
				ASSETCATALOG_COMPILER_GLOBAL_ACCENT_COLOR_NAME = AccentColor;
				CODE_SIGN_STYLE = Automatic;
				CURRENT_PROJECT_VERSION = 1;
				DEVELOPMENT_TEAM = V5KDCCDL5E;
				GENERATE_INFOPLIST_FILE = YES;
				INFOPLIST_FILE = PersonsList/Info.plist;
				INFOPLIST_KEY_UIApplicationSupportsIndirectInputEvents = YES;
				INFOPLIST_KEY_UILaunchStoryboardName = LaunchScreen;
				INFOPLIST_KEY_UIMainStoryboardFile = Main;
				INFOPLIST_KEY_UISupportedInterfaceOrientations_iPad = "UIInterfaceOrientationPortrait UIInterfaceOrientationPortraitUpsideDown UIInterfaceOrientationLandscapeLeft UIInterfaceOrientationLandscapeRight";
				INFOPLIST_KEY_UISupportedInterfaceOrientations_iPhone = "UIInterfaceOrientationPortrait UIInterfaceOrientationLandscapeLeft UIInterfaceOrientationLandscapeRight";
				LD_RUNPATH_SEARCH_PATHS = (
					"$(inherited)",
					"@executable_path/Frameworks",
				);
				MARKETING_VERSION = 1.0;
				PRODUCT_BUNDLE_IDENTIFIER = com.geritacey.PersonsList;
				PRODUCT_NAME = "$(TARGET_NAME)";
				SWIFT_EMIT_LOC_STRINGS = YES;
				SWIFT_VERSION = 5.0;
				TARGETED_DEVICE_FAMILY = "1,2";
			};
			name = Debug;
		};
		E2E728DE2972AF5200DC04F4 /* Release */ = {
			isa = XCBuildConfiguration;
			buildSettings = {
				ASSETCATALOG_COMPILER_APPICON_NAME = AppIcon;
				ASSETCATALOG_COMPILER_GLOBAL_ACCENT_COLOR_NAME = AccentColor;
				CODE_SIGN_STYLE = Automatic;
				CURRENT_PROJECT_VERSION = 1;
				DEVELOPMENT_TEAM = V5KDCCDL5E;
				GENERATE_INFOPLIST_FILE = YES;
				INFOPLIST_FILE = PersonsList/Info.plist;
				INFOPLIST_KEY_UIApplicationSupportsIndirectInputEvents = YES;
				INFOPLIST_KEY_UILaunchStoryboardName = LaunchScreen;
				INFOPLIST_KEY_UIMainStoryboardFile = Main;
				INFOPLIST_KEY_UISupportedInterfaceOrientations_iPad = "UIInterfaceOrientationPortrait UIInterfaceOrientationPortraitUpsideDown UIInterfaceOrientationLandscapeLeft UIInterfaceOrientationLandscapeRight";
				INFOPLIST_KEY_UISupportedInterfaceOrientations_iPhone = "UIInterfaceOrientationPortrait UIInterfaceOrientationLandscapeLeft UIInterfaceOrientationLandscapeRight";
				LD_RUNPATH_SEARCH_PATHS = (
					"$(inherited)",
					"@executable_path/Frameworks",
				);
				MARKETING_VERSION = 1.0;
				PRODUCT_BUNDLE_IDENTIFIER = com.geritacey.PersonsList;
				PRODUCT_NAME = "$(TARGET_NAME)";
				SWIFT_EMIT_LOC_STRINGS = YES;
				SWIFT_VERSION = 5.0;
				TARGETED_DEVICE_FAMILY = "1,2";
			};
			name = Release;
		};
/* End XCBuildConfiguration section */

/* Begin XCConfigurationList section */
		E2E728C32972AF5000DC04F4 /* Build configuration list for PBXProject "PersonsList" */ = {
			isa = XCConfigurationList;
			buildConfigurations = (
				E2E728DA2972AF5200DC04F4 /* Debug */,
				E2E728DB2972AF5200DC04F4 /* Release */,
			);
			defaultConfigurationIsVisible = 0;
			defaultConfigurationName = Release;
		};
		E2E728DC2972AF5200DC04F4 /* Build configuration list for PBXNativeTarget "PersonsList" */ = {
			isa = XCConfigurationList;
			buildConfigurations = (
				E2E728DD2972AF5200DC04F4 /* Debug */,
				E2E728DE2972AF5200DC04F4 /* Release */,
			);
			defaultConfigurationIsVisible = 0;
			defaultConfigurationName = Release;
		};
/* End XCConfigurationList section */
	};
	rootObject = E2E728C02972AF5000DC04F4 /* Project object */;
}
